
Microsoft Visual Studio Solution File, Format Version 12.00
# Visual Studio Version 17
VisualStudioVersion = 17.5.33414.496
MinimumVisualStudioVersion = 10.0.40219.1
Project("{FAE04EC0-301F-11D3-BF4B-00C04F79EFBC}") = "Numar.Prim", "Numar.Prim.csproj", "{B7929888-5915-48E6-9FD8-63A36DB62C4A}"
EndProject
Global
	GlobalSection(SolutionConfigurationPlatforms) = preSolution
		Debug|Any CPU = Debug|Any CPU
		Release|Any CPU = Release|Any CPU
	EndGlobalSection
	GlobalSection(ProjectConfigurationPlatforms) = postSolution
		{B7929888-5915-48E6-9FD8-63A36DB62C4A}.Debug|Any CPU.ActiveCfg = Debug|Any CPU
		{B7929888-5915-48E6-9FD8-63A36DB62C4A}.Debug|Any CPU.Build.0 = Debug|Any CPU
		{B7929888-5915-48E6-9FD8-63A36DB62C4A}.Release|Any CPU.ActiveCfg = Release|Any CPU
		{B7929888-5915-48E6-9FD8-63A36DB62C4A}.Release|Any CPU.Build.0 = Release|Any CPU
	EndGlobalSection
	GlobalSection(SolutionProperties) = preSolution
		HideSolutionNode = FALSE
	EndGlobalSection
	GlobalSection(ExtensibilityGlobals) = postSolution
		SolutionGuid = {D94D444C-2B52-415C-8553-9409ADA10BB7}
	EndGlobalSection
EndGlobal
